
Microsoft Visual Studio Solution File, Format Version 12.00
# Visual Studio 15
VisualStudioVersion = 15.0.28307.902
MinimumVisualStudioVersion = 10.0.40219.1
Project("{FAE04EC0-301F-11D3-BF4B-00C04F79EFBC}") = "StaticFilesExample", "StaticFilesExample\StaticFilesExample.csproj", "{74F9E6E2-B567-4B6A-A0EC-ABD10E5FD0B6}"
EndProject
Global
	GlobalSection(SolutionConfigurationPlatforms) = preSolution
		Debug|Any CPU = Debug|Any CPU
		Release|Any CPU = Release|Any CPU
	EndGlobalSection
	GlobalSection(ProjectConfigurationPlatforms) = postSolution
		{74F9E6E2-B567-4B6A-A0EC-ABD10E5FD0B6}.Debug|Any CPU.ActiveCfg = Debug|Any CPU
		{74F9E6E2-B567-4B6A-A0EC-ABD10E5FD0B6}.Debug|Any CPU.Build.0 = Debug|Any CPU
		{74F9E6E2-B567-4B6A-A0EC-ABD10E5FD0B6}.Release|Any CPU.ActiveCfg = Release|Any CPU
		{74F9E6E2-B567-4B6A-A0EC-ABD10E5FD0B6}.Release|Any CPU.Build.0 = Release|Any CPU
	EndGlobalSection
	GlobalSection(SolutionProperties) = preSolution
		HideSolutionNode = FALSE
	EndGlobalSection
	GlobalSection(ExtensibilityGlobals) = postSolution
		SolutionGuid = {01CA177A-A0FF-42D9-9D37-0254C8F580E7}
	EndGlobalSection
EndGlobal
